// !$*UTF8*$!
{
	archiveVersion = 1;
	classes = {
	};
	objectVersion = 50;
	objects = {

/* Begin PBXBuildFile section */
		81476C52C4BBD3F2D4804954 /* libPods-DiaryDemo.a in Frameworks */ = {isa = PBXBuildFile; fileRef = 3598612908B7382EC7058248 /* libPods-DiaryDemo.a */; };
		F8C13748227843C1004D29A4 /* AppDelegate.m in Sources */ = {isa = PBXBuildFile; fileRef = F8C13747227843C1004D29A4 /* AppDelegate.m */; };
		F8C1374B227843C1004D29A4 /* ViewController.m in Sources */ = {isa = PBXBuildFile; fileRef = F8C1374A227843C1004D29A4 /* ViewController.m */; };
		F8C1374E227843C1004D29A4 /* Main.storyboard in Resources */ = {isa = PBXBuildFile; fileRef = F8C1374C227843C1004D29A4 /* Main.storyboard */; };
		F8C13750227843C3004D29A4 /* Assets.xcassets in Resources */ = {isa = PBXBuildFile; fileRef = F8C1374F227843C3004D29A4 /* Assets.xcassets */; };
		F8C13753227843C3004D29A4 /* LaunchScreen.storyboard in Resources */ = {isa = PBXBuildFile; fileRef = F8C13751227843C3004D29A4 /* LaunchScreen.storyboard */; };
		F8C13756227843C3004D29A4 /* main.m in Sources */ = {isa = PBXBuildFile; fileRef = F8C13755227843C3004D29A4 /* main.m */; };
		F8C13761227845D3004D29A4 /* HKEditDiaryViewController.m in Sources */ = {isa = PBXBuildFile; fileRef = F8C1375F227845D3004D29A4 /* HKEditDiaryViewController.m */; };
		F8C1376C2278464C004D29A4 /* HKDiaryImageCell.m in Sources */ = {isa = PBXBuildFile; fileRef = F8C137632278464C004D29A4 /* HKDiaryImageCell.m */; };
		F8C1376D2278464C004D29A4 /* HKDiaryImageCell.xib in Resources */ = {isa = PBXBuildFile; fileRef = F8C137652278464C004D29A4 /* HKDiaryImageCell.xib */; };
		F8C1376E2278464C004D29A4 /* HKEditTextView.m in Sources */ = {isa = PBXBuildFile; fileRef = F8C137662278464C004D29A4 /* HKEditTextView.m */; };
		F8C1376F2278464C004D29A4 /* HKEditTextView.xib in Resources */ = {isa = PBXBuildFile; fileRef = F8C137672278464C004D29A4 /* HKEditTextView.xib */; };
		F8C137702278464C004D29A4 /* HKDiaryTextCell.m in Sources */ = {isa = PBXBuildFile; fileRef = F8C1376A2278464C004D29A4 /* HKDiaryTextCell.m */; };
		F8C137712278464C004D29A4 /* HKDiaryTextCell.xib in Resources */ = {isa = PBXBuildFile; fileRef = F8C1376B2278464C004D29A4 /* HKDiaryTextCell.xib */; };
		F8C1377422784657004D29A4 /* HKDairyDetailModel.m in Sources */ = {isa = PBXBuildFile; fileRef = F8C1377222784657004D29A4 /* HKDairyDetailModel.m */; };
		F8C13778227848DB004D29A4 /* UIColor+NEPlus.m in Sources */ = {isa = PBXBuildFile; fileRef = F8C13777227848DB004D29A4 /* UIColor+NEPlus.m */; };
		F8C1377D22784BD8004D29A4 /* HKDiaryModel.m in Sources */ = {isa = PBXBuildFile; fileRef = F8C1377C22784BD8004D29A4 /* HKDiaryModel.m */; };
/* End PBXBuildFile section */

/* Begin PBXFileReference section */
		01965A3DA404382320D26592 /* Pods-DiaryDemo.debug.xcconfig */ = {isa = PBXFileReference; includeInIndex = 1; lastKnownFileType = text.xcconfig; name = "Pods-DiaryDemo.debug.xcconfig"; path = "Pods/Target Support Files/Pods-DiaryDemo/Pods-DiaryDemo.debug.xcconfig"; sourceTree = "<group>"; };
		3598612908B7382EC7058248 /* libPods-DiaryDemo.a */ = {isa = PBXFileReference; explicitFileType = archive.ar; includeInIndex = 0; path = "libPods-DiaryDemo.a"; sourceTree = BUILT_PRODUCTS_DIR; };
		EECFAFF28A76061A1F919FE3 /* Pods-DiaryDemo.release.xcconfig */ = {isa = PBXFileReference; includeInIndex = 1; lastKnownFileType = text.xcconfig; name = "Pods-DiaryDemo.release.xcconfig"; path = "Pods/Target Support Files/Pods-DiaryDemo/Pods-DiaryDemo.release.xcconfig"; sourceTree = "<group>"; };
		F8C13743227843C1004D29A4 /* DiaryDemo.app */ = {isa = PBXFileReference; explicitFileType = wrapper.application; includeInIndex = 0; path = DiaryDemo.app; sourceTree = BUILT_PRODUCTS_DIR; };
		F8C13746227843C1004D29A4 /* AppDelegate.h */ = {isa = PBXFileReference; lastKnownFileType = sourcecode.c.h; path = AppDelegate.h; sourceTree = "<group>"; };
		F8C13747227843C1004D29A4 /* AppDelegate.m */ = {isa = PBXFileReference; lastKnownFileType = sourcecode.c.objc; path = AppDelegate.m; sourceTree = "<group>"; };
		F8C13749227843C1004D29A4 /* ViewController.h */ = {isa = PBXFileReference; lastKnownFileType = sourcecode.c.h; path = ViewController.h; sourceTree = "<group>"; };
		F8C1374A227843C1004D29A4 /* ViewController.m */ = {isa = PBXFileReference; lastKnownFileType = sourcecode.c.objc; path = ViewController.m; sourceTree = "<group>"; };
		F8C1374D227843C1004D29A4 /* Base */ = {isa = PBXFileReference; lastKnownFileType = file.storyboard; name = Base; path = Base.lproj/Main.storyboard; sourceTree = "<group>"; };
		F8C1374F227843C3004D29A4 /* Assets.xcassets */ = {isa = PBXFileReference; lastKnownFileType = folder.assetcatalog; path = Assets.xcassets; sourceTree = "<group>"; };
		F8C13752227843C3004D29A4 /* Base */ = {isa = PBXFileReference; lastKnownFileType = file.storyboard; name = Base; path = Base.lproj/LaunchScreen.storyboard; sourceTree = "<group>"; };
		F8C13754227843C3004D29A4 /* Info.plist */ = {isa = PBXFileReference; lastKnownFileType = text.plist.xml; path = Info.plist; sourceTree = "<group>"; };
		F8C13755227843C3004D29A4 /* main.m */ = {isa = PBXFileReference; lastKnownFileType = sourcecode.c.objc; path = main.m; sourceTree = "<group>"; };
		F8C1375F227845D3004D29A4 /* HKEditDiaryViewController.m */ = {isa = PBXFileReference; fileEncoding = 4; lastKnownFileType = sourcecode.c.objc; path = HKEditDiaryViewController.m; sourceTree = "<group>"; };
		F8C13760227845D3004D29A4 /* HKEditDiaryViewController.h */ = {isa = PBXFileReference; fileEncoding = 4; lastKnownFileType = sourcecode.c.h; path = HKEditDiaryViewController.h; sourceTree = "<group>"; };
		F8C137632278464C004D29A4 /* HKDiaryImageCell.m */ = {isa = PBXFileReference; fileEncoding = 4; lastKnownFileType = sourcecode.c.objc; path = HKDiaryImageCell.m; sourceTree = "<group>"; };
		F8C137642278464C004D29A4 /* HKDiaryImageCell.h */ = {isa = PBXFileReference; fileEncoding = 4; lastKnownFileType = sourcecode.c.h; path = HKDiaryImageCell.h; sourceTree = "<group>"; };
		F8C137652278464C004D29A4 /* HKDiaryImageCell.xib */ = {isa = PBXFileReference; fileEncoding = 4; lastKnownFileType = file.xib; path = HKDiaryImageCell.xib; sourceTree = "<group>"; };
		F8C137662278464C004D29A4 /* HKEditTextView.m */ = {isa = PBXFileReference; fileEncoding = 4; lastKnownFileType = sourcecode.c.objc; path = HKEditTextView.m; sourceTree = "<group>"; };
		F8C137672278464C004D29A4 /* HKEditTextView.xib */ = {isa = PBXFileReference; fileEncoding = 4; lastKnownFileType = file.xib; path = HKEditTextView.xib; sourceTree = "<group>"; };
		F8C137682278464C004D29A4 /* HKDiaryTextCell.h */ = {isa = PBXFileReference; fileEncoding = 4; lastKnownFileType = sourcecode.c.h; path = HKDiaryTextCell.h; sourceTree = "<group>"; };
		F8C137692278464C004D29A4 /* HKEditTextView.h */ = {isa = PBXFileReference; fileEncoding = 4; lastKnownFileType = sourcecode.c.h; path = HKEditTextView.h; sourceTree = "<group>"; };
		F8C1376A2278464C004D29A4 /* HKDiaryTextCell.m */ = {isa = PBXFileReference; fileEncoding = 4; lastKnownFileType = sourcecode.c.objc; path = HKDiaryTextCell.m; sourceTree = "<group>"; };
		F8C1376B2278464C004D29A4 /* HKDiaryTextCell.xib */ = {isa = PBXFileReference; fileEncoding = 4; lastKnownFileType = file.xib; path = HKDiaryTextCell.xib; sourceTree = "<group>"; };
		F8C1377222784657004D29A4 /* HKDairyDetailModel.m */ = {isa = PBXFileReference; fileEncoding = 4; lastKnownFileType = sourcecode.c.objc; path = HKDairyDetailModel.m; sourceTree = "<group>"; };
		F8C1377322784657004D29A4 /* HKDiaryDetailModel.h */ = {isa = PBXFileReference; fileEncoding = 4; lastKnownFileType = sourcecode.c.h; path = HKDiaryDetailModel.h; sourceTree = "<group>"; };
		F8C1377522784800004D29A4 /* PrefixHeader.pch */ = {isa = PBXFileReference; lastKnownFileType = sourcecode.c.h; path = PrefixHeader.pch; sourceTree = "<group>"; };
		F8C13776227848DA004D29A4 /* UIColor+NEPlus.h */ = {isa = PBXFileReference; fileEncoding = 4; lastKnownFileType = sourcecode.c.h; path = "UIColor+NEPlus.h"; sourceTree = "<group>"; };
		F8C13777227848DB004D29A4 /* UIColor+NEPlus.m */ = {isa = PBXFileReference; fileEncoding = 4; lastKnownFileType = sourcecode.c.objc; path = "UIColor+NEPlus.m"; sourceTree = "<group>"; };
		F8C1377B22784BD8004D29A4 /* HKDiaryModel.h */ = {isa = PBXFileReference; lastKnownFileType = sourcecode.c.h; path = HKDiaryModel.h; sourceTree = "<group>"; };
		F8C1377C22784BD8004D29A4 /* HKDiaryModel.m */ = {isa = PBXFileReference; lastKnownFileType = sourcecode.c.objc; path = HKDiaryModel.m; sourceTree = "<group>"; };
/* End PBXFileReference section */

/* Begin PBXFrameworksBuildPhase section */
		F8C13740227843C1004D29A4 /* Frameworks */ = {
			isa = PBXFrameworksBuildPhase;
			buildActionMask = 2147483647;
			files = (
				81476C52C4BBD3F2D4804954 /* libPods-DiaryDemo.a in Frameworks */,
			);
			runOnlyForDeploymentPostprocessing = 0;
		};
/* End PBXFrameworksBuildPhase section */

/* Begin PBXGroup section */
		41F5BE00F12E647F32AB8B83 /* Frameworks */ = {
			isa = PBXGroup;
			children = (
				3598612908B7382EC7058248 /* libPods-DiaryDemo.a */,
			);
			name = Frameworks;
			sourceTree = "<group>";
		};
		DE9BB3F631580E6B7730CF45 /* Pods */ = {
			isa = PBXGroup;
			children = (
				01965A3DA404382320D26592 /* Pods-DiaryDemo.debug.xcconfig */,
				EECFAFF28A76061A1F919FE3 /* Pods-DiaryDemo.release.xcconfig */,
			);
			name = Pods;
			sourceTree = "<group>";
		};
		F8C1373A227843C1004D29A4 = {
			isa = PBXGroup;
			children = (
				F8C13745227843C1004D29A4 /* DiaryDemo */,
				F8C13744227843C1004D29A4 /* Products */,
				DE9BB3F631580E6B7730CF45 /* Pods */,
				41F5BE00F12E647F32AB8B83 /* Frameworks */,
			);
			sourceTree = "<group>";
		};
		F8C13744227843C1004D29A4 /* Products */ = {
			isa = PBXGroup;
			children = (
				F8C13743227843C1004D29A4 /* DiaryDemo.app */,
			);
			name = Products;
			sourceTree = "<group>";
		};
		F8C13745227843C1004D29A4 /* DiaryDemo */ = {
			isa = PBXGroup;
			children = (
				F8C1375E227845C8004D29A4 /* Models */,
				F8C1375D227845C3004D29A4 /* Views */,
				F8C1375C227845A6004D29A4 /* Controllers */,
				F8C1377922784943004D29A4 /* Lib */,
				F8C1377A2278494F004D29A4 /* Scr */,
				F8C13762227845DB004D29A4 /* Other */,
				F8C13754227843C3004D29A4 /* Info.plist */,
			);
			path = DiaryDemo;
			sourceTree = "<group>";
		};
		F8C1375C227845A6004D29A4 /* Controllers */ = {
			isa = PBXGroup;
			children = (
				F8C13760227845D3004D29A4 /* HKEditDiaryViewController.h */,
				F8C1375F227845D3004D29A4 /* HKEditDiaryViewController.m */,
				F8C13749227843C1004D29A4 /* ViewController.h */,
				F8C1374A227843C1004D29A4 /* ViewController.m */,
			);
			path = Controllers;
			sourceTree = "<group>";
		};
		F8C1375D227845C3004D29A4 /* Views */ = {
			isa = PBXGroup;
			children = (
				F8C137642278464C004D29A4 /* HKDiaryImageCell.h */,
				F8C137632278464C004D29A4 /* HKDiaryImageCell.m */,
				F8C137652278464C004D29A4 /* HKDiaryImageCell.xib */,
				F8C137682278464C004D29A4 /* HKDiaryTextCell.h */,
				F8C1376A2278464C004D29A4 /* HKDiaryTextCell.m */,
				F8C1376B2278464C004D29A4 /* HKDiaryTextCell.xib */,
				F8C137692278464C004D29A4 /* HKEditTextView.h */,
				F8C137662278464C004D29A4 /* HKEditTextView.m */,
				F8C137672278464C004D29A4 /* HKEditTextView.xib */,
			);
			path = Views;
			sourceTree = "<group>";
		};
		F8C1375E227845C8004D29A4 /* Models */ = {
			isa = PBXGroup;
			children = (
				F8C1377322784657004D29A4 /* HKDiaryDetailModel.h */,
				F8C1377222784657004D29A4 /* HKDairyDetailModel.m */,
				F8C1377B22784BD8004D29A4 /* HKDiaryModel.h */,
				F8C1377C22784BD8004D29A4 /* HKDiaryModel.m */,
			);
			path = Models;
			sourceTree = "<group>";
		};
		F8C13762227845DB004D29A4 /* Other */ = {
			isa = PBXGroup;
			children = (
				F8C13746227843C1004D29A4 /* AppDelegate.h */,
				F8C13747227843C1004D29A4 /* AppDelegate.m */,
				F8C13755227843C3004D29A4 /* main.m */,
				F8C1377522784800004D29A4 /* PrefixHeader.pch */,
			);
			path = Other;
			sourceTree = "<group>";
		};
		F8C1377922784943004D29A4 /* Lib */ = {
			isa = PBXGroup;
			children = (
				F8C13776227848DA004D29A4 /* UIColor+NEPlus.h */,
				F8C13777227848DB004D29A4 /* UIColor+NEPlus.m */,
			);
			path = Lib;
			sourceTree = "<group>";
		};
		F8C1377A2278494F004D29A4 /* Scr */ = {
			isa = PBXGroup;
			children = (
				F8C1374C227843C1004D29A4 /* Main.storyboard */,
				F8C1374F227843C3004D29A4 /* Assets.xcassets */,
				F8C13751227843C3004D29A4 /* LaunchScreen.storyboard */,
			);
			path = Scr;
			sourceTree = "<group>";
		};
/* End PBXGroup section */

/* Begin PBXNativeTarget section */
		F8C13742227843C1004D29A4 /* DiaryDemo */ = {
			isa = PBXNativeTarget;
			buildConfigurationList = F8C13759227843C3004D29A4 /* Build configuration list for PBXNativeTarget "DiaryDemo" */;
			buildPhases = (
				F6F52A62EE3057E0D5861B48 /* [CP] Check Pods Manifest.lock */,
				F8C1373F227843C1004D29A4 /* Sources */,
				F8C13740227843C1004D29A4 /* Frameworks */,
				F8C13741227843C1004D29A4 /* Resources */,
				421C14D9E633B50C8982076E /* [CP] Copy Pods Resources */,
			);
			buildRules = (
			);
			dependencies = (
			);
			name = DiaryDemo;
			productName = DiaryDemo;
			productReference = F8C13743227843C1004D29A4 /* DiaryDemo.app */;
			productType = "com.apple.product-type.application";
		};
/* End PBXNativeTarget section */

/* Begin PBXProject section */
		F8C1373B227843C1004D29A4 /* Project object */ = {
			isa = PBXProject;
			attributes = {
				LastUpgradeCheck = 1020;
				ORGANIZATIONNAME = HeiKki;
				TargetAttributes = {
					F8C13742227843C1004D29A4 = {
						CreatedOnToolsVersion = 10.2.1;
					};
				};
			};
			buildConfigurationList = F8C1373E227843C1004D29A4 /* Build configuration list for PBXProject "DiaryDemo" */;
			compatibilityVersion = "Xcode 9.3";
			developmentRegion = en;
			hasScannedForEncodings = 0;
			knownRegions = (
				en,
				Base,
			);
			mainGroup = F8C1373A227843C1004D29A4;
			productRefGroup = F8C13744227843C1004D29A4 /* Products */;
			projectDirPath = "";
			projectRoot = "";
			targets = (
				F8C13742227843C1004D29A4 /* DiaryDemo */,
			);
		};
/* End PBXProject section */

/* Begin PBXResourcesBuildPhase section */
		F8C13741227843C1004D29A4 /* Resources */ = {
			isa = PBXResourcesBuildPhase;
			buildActionMask = 2147483647;
			files = (
				F8C1376D2278464C004D29A4 /* HKDiaryImageCell.xib in Resources */,
				F8C1376F2278464C004D29A4 /* HKEditTextView.xib in Resources */,
				F8C13753227843C3004D29A4 /* LaunchScreen.storyboard in Resources */,
				F8C137712278464C004D29A4 /* HKDiaryTextCell.xib in Resources */,
				F8C13750227843C3004D29A4 /* Assets.xcassets in Resources */,
				F8C1374E227843C1004D29A4 /* Main.storyboard in Resources */,
			);
			runOnlyForDeploymentPostprocessing = 0;
		};
/* End PBXResourcesBuildPhase section */

/* Begin PBXShellScriptBuildPhase section */
		421C14D9E633B50C8982076E /* [CP] Copy Pods Resources */ = {
			isa = PBXShellScriptBuildPhase;
			buildActionMask = 2147483647;
			files = (
			);
			inputFileListPaths = (
			);
			inputPaths = (
				"${SRCROOT}/Pods/Target Support Files/Pods-DiaryDemo/Pods-DiaryDemo-resources.sh",
				"${PODS_ROOT}/QMUIKit/QMUIKit/QMUIResources/QMUIResources.bundle",
			);
			name = "[CP] Copy Pods Resources";
			outputFileListPaths = (
			);
			outputPaths = (
				"${TARGET_BUILD_DIR}/${UNLOCALIZED_RESOURCES_FOLDER_PATH}/QMUIResources.bundle",
			);
			runOnlyForDeploymentPostprocessing = 0;
			shellPath = /bin/sh;
			shellScript = "\"${SRCROOT}/Pods/Target Support Files/Pods-DiaryDemo/Pods-DiaryDemo-resources.sh\"\n";
			showEnvVarsInLog = 0;
		};
		F6F52A62EE3057E0D5861B48 /* [CP] Check Pods Manifest.lock */ = {
			isa = PBXShellScriptBuildPhase;
			buildActionMask = 2147483647;
			files = (
			);
			inputFileListPaths = (
			);
			inputPaths = (
				"${PODS_PODFILE_DIR_PATH}/Podfile.lock",
				"${PODS_ROOT}/Manifest.lock",
			);
			name = "[CP] Check Pods Manifest.lock";
			outputFileListPaths = (
			);
			outputPaths = (
				"$(DERIVED_FILE_DIR)/Pods-DiaryDemo-checkManifestLockResult.txt",
			);
			runOnlyForDeploymentPostprocessing = 0;
			shellPath = /bin/sh;
			shellScript = "diff \"${PODS_PODFILE_DIR_PATH}/Podfile.lock\" \"${PODS_ROOT}/Manifest.lock\" > /dev/null\nif [ $? != 0 ] ; then\n    # print error to STDERR\n    echo \"error: The sandbox is not in sync with the Podfile.lock. Run 'pod install' or update your CocoaPods installation.\" >&2\n    exit 1\nfi\n# This output is used by Xcode 'outputs' to avoid re-running this script phase.\necho \"SUCCESS\" > \"${SCRIPT_OUTPUT_FILE_0}\"\n";
			showEnvVarsInLog = 0;
		};
/* End PBXShellScriptBuildPhase section */

/* Begin PBXSourcesBuildPhase section */
		F8C1373F227843C1004D29A4 /* Sources */ = {
			isa = PBXSourcesBuildPhase;
			buildActionMask = 2147483647;
			files = (
				F8C1376E2278464C004D29A4 /* HKEditTextView.m in Sources */,
				F8C1374B227843C1004D29A4 /* ViewController.m in Sources */,
				F8C1377D22784BD8004D29A4 /* HKDiaryModel.m in Sources */,
				F8C1376C2278464C004D29A4 /* HKDiaryImageCell.m in Sources */,
				F8C137702278464C004D29A4 /* HKDiaryTextCell.m in Sources */,
				F8C13756227843C3004D29A4 /* main.m in Sources */,
				F8C13778227848DB004D29A4 /* UIColor+NEPlus.m in Sources */,
				F8C13748227843C1004D29A4 /* AppDelegate.m in Sources */,
				F8C13761227845D3004D29A4 /* HKEditDiaryViewController.m in Sources */,
				F8C1377422784657004D29A4 /* HKDairyDetailModel.m in Sources */,
			);
			runOnlyForDeploymentPostprocessing = 0;
		};
/* End PBXSourcesBuildPhase section */

/* Begin PBXVariantGroup section */
		F8C1374C227843C1004D29A4 /* Main.storyboard */ = {
			isa = PBXVariantGroup;
			children = (
				F8C1374D227843C1004D29A4 /* Base */,
			);
			name = Main.storyboard;
			sourceTree = "<group>";
		};
		F8C13751227843C3004D29A4 /* LaunchScreen.storyboard */ = {
			isa = PBXVariantGroup;
			children = (
				F8C13752227843C3004D29A4 /* Base */,
			);
			name = LaunchScreen.storyboard;
			sourceTree = "<group>";
		};
/* End PBXVariantGroup section */

/* Begin XCBuildConfiguration section */
		F8C13757227843C3004D29A4 /* Debug */ = {
			isa = XCBuildConfiguration;
			buildSettings = {
				ALWAYS_SEARCH_USER_PATHS = NO;
				CLANG_ANALYZER_NONNULL = YES;
				CLANG_ANALYZER_NUMBER_OBJECT_CONVERSION = YES_AGGRESSIVE;
				CLANG_CXX_LANGUAGE_STANDARD = "gnu++14";
				CLANG_CXX_LIBRARY = "libc++";
				CLANG_ENABLE_MODULES = YES;
				CLANG_ENABLE_OBJC_ARC = YES;
				CLANG_ENABLE_OBJC_WEAK = YES;
				CLANG_WARN_BLOCK_CAPTURE_AUTORELEASING = YES;
				CLANG_WARN_BOOL_CONVERSION = YES;
				CLANG_WARN_COMMA = YES;
				CLANG_WARN_CONSTANT_CONVERSION = YES;
				CLANG_WARN_DEPRECATED_OBJC_IMPLEMENTATIONS = YES;
				CLANG_WARN_DIRECT_OBJC_ISA_USAGE = YES_ERROR;
				CLANG_WARN_DOCUMENTATION_COMMENTS = YES;
				CLANG_WARN_EMPTY_BODY = YES;
				CLANG_WARN_ENUM_CONVERSION = YES;
				CLANG_WARN_INFINITE_RECURSION = YES;
				CLANG_WARN_INT_CONVERSION = YES;
				CLANG_WARN_NON_LITERAL_NULL_CONVERSION = YES;
				CLANG_WARN_OBJC_IMPLICIT_RETAIN_SELF = YES;
				CLANG_WARN_OBJC_LITERAL_CONVERSION = YES;
				CLANG_WARN_OBJC_ROOT_CLASS = YES_ERROR;
				CLANG_WARN_RANGE_LOOP_ANALYSIS = YES;
				CLANG_WARN_STRICT_PROTOTYPES = YES;
				CLANG_WARN_SUSPICIOUS_MOVE = YES;
				CLANG_WARN_UNGUARDED_AVAILABILITY = YES_AGGRESSIVE;
				CLANG_WARN_UNREACHABLE_CODE = YES;
				CLANG_WARN__DUPLICATE_METHOD_MATCH = YES;
				CODE_SIGN_IDENTITY = "iPhone Developer";
				COPY_PHASE_STRIP = NO;
				DEBUG_INFORMATION_FORMAT = dwarf;
				ENABLE_STRICT_OBJC_MSGSEND = YES;
				ENABLE_TESTABILITY = YES;
				GCC_C_LANGUAGE_STANDARD = gnu11;
				GCC_DYNAMIC_NO_PIC = NO;
				GCC_NO_COMMON_BLOCKS = YES;
				GCC_OPTIMIZATION_LEVEL = 0;
				GCC_PREPROCESSOR_DEFINITIONS = (
					"DEBUG=1",
					"$(inherited)",
				);
				GCC_WARN_64_TO_32_BIT_CONVERSION = YES;
				GCC_WARN_ABOUT_RETURN_TYPE = YES_ERROR;
				GCC_WARN_UNDECLARED_SELECTOR = YES;
				GCC_WARN_UNINITIALIZED_AUTOS = YES_AGGRESSIVE;
				GCC_WARN_UNUSED_FUNCTION = YES;
				GCC_WARN_UNUSED_VARIABLE = YES;
				IPHONEOS_DEPLOYMENT_TARGET = 12.2;
				MTL_ENABLE_DEBUG_INFO = INCLUDE_SOURCE;
				MTL_FAST_MATH = YES;
				ONLY_ACTIVE_ARCH = YES;
				SDKROOT = iphoneos;
			};
			name = Debug;
		};
		F8C13758227843C3004D29A4 /* Release */ = {
			isa = XCBuildConfiguration;
			buildSettings = {
				ALWAYS_SEARCH_USER_PATHS = NO;
				CLANG_ANALYZER_NONNULL = YES;
				CLANG_ANALYZER_NUMBER_OBJECT_CONVERSION = YES_AGGRESSIVE;
				CLANG_CXX_LANGUAGE_STANDARD = "gnu++14";
				CLANG_CXX_LIBRARY = "libc++";
				CLANG_ENABLE_MODULES = YES;
				CLANG_ENABLE_OBJC_ARC = YES;
				CLANG_ENABLE_OBJC_WEAK = YES;
				CLANG_WARN_BLOCK_CAPTURE_AUTORELEASING = YES;
				CLANG_WARN_BOOL_CONVERSION = YES;
				CLANG_WARN_COMMA = YES;
				CLANG_WARN_CONSTANT_CONVERSION = YES;
				CLANG_WARN_DEPRECATED_OBJC_IMPLEMENTATIONS = YES;
				CLANG_WARN_DIRECT_OBJC_ISA_USAGE = YES_ERROR;
				CLANG_WARN_DOCUMENTATION_COMMENTS = YES;
				CLANG_WARN_EMPTY_BODY = YES;
				CLANG_WARN_ENUM_CONVERSION = YES;
				CLANG_WARN_INFINITE_RECURSION = YES;
				CLANG_WARN_INT_CONVERSION = YES;
				CLANG_WARN_NON_LITERAL_NULL_CONVERSION = YES;
				CLANG_WARN_OBJC_IMPLICIT_RETAIN_SELF = YES;
				CLANG_WARN_OBJC_LITERAL_CONVERSION = YES;
				CLANG_WARN_OBJC_ROOT_CLASS = YES_ERROR;
				CLANG_WARN_RANGE_LOOP_ANALYSIS = YES;
				CLANG_WARN_STRICT_PROTOTYPES = YES;
				CLANG_WARN_SUSPICIOUS_MOVE = YES;
				CLANG_WARN_UNGUARDED_AVAILABILITY = YES_AGGRESSIVE;
				CLANG_WARN_UNREACHABLE_CODE = YES;
				CLANG_WARN__DUPLICATE_METHOD_MATCH = YES;
				CODE_SIGN_IDENTITY = "iPhone Developer";
				COPY_PHASE_STRIP = NO;
				DEBUG_INFORMATION_FORMAT = "dwarf-with-dsym";
				ENABLE_NS_ASSERTIONS = NO;
				ENABLE_STRICT_OBJC_MSGSEND = YES;
				GCC_C_LANGUAGE_STANDARD = gnu11;
				GCC_NO_COMMON_BLOCKS = YES;
				GCC_WARN_64_TO_32_BIT_CONVERSION = YES;
				GCC_WARN_ABOUT_RETURN_TYPE = YES_ERROR;
				GCC_WARN_UNDECLARED_SELECTOR = YES;
				GCC_WARN_UNINITIALIZED_AUTOS = YES_AGGRESSIVE;
				GCC_WARN_UNUSED_FUNCTION = YES;
				GCC_WARN_UNUSED_VARIABLE = YES;
				IPHONEOS_DEPLOYMENT_TARGET = 12.2;
				MTL_ENABLE_DEBUG_INFO = NO;
				MTL_FAST_MATH = YES;
				SDKROOT = iphoneos;
				VALIDATE_PRODUCT = YES;
			};
			name = Release;
		};
		F8C1375A227843C3004D29A4 /* Debug */ = {
			isa = XCBuildConfiguration;
			baseConfigurationReference = 01965A3DA404382320D26592 /* Pods-DiaryDemo.debug.xcconfig */;
			buildSettings = {
				ASSETCATALOG_COMPILER_APPICON_NAME = AppIcon;
				CODE_SIGN_STYLE = Automatic;
				DEVELOPMENT_TEAM = 8TJ9GDFV36;
				GCC_PREFIX_HEADER = "/Users/pda-ios/Desktop/DiaryDemo/DiaryDemo/Other/PrefixHeader.pch";
				INFOPLIST_FILE = DiaryDemo/Info.plist;
				IPHONEOS_DEPLOYMENT_TARGET = 9.3;
				LD_RUNPATH_SEARCH_PATHS = (
					"$(inherited)",
					"@executable_path/Frameworks",
				);
				PRODUCT_BUNDLE_IDENTIFIER = HeiKki.DiaryDemo;
				PRODUCT_NAME = "$(TARGET_NAME)";
				TARGETED_DEVICE_FAMILY = "1,2";
			};
			name = Debug;
		};
		F8C1375B227843C3004D29A4 /* Release */ = {
			isa = XCBuildConfiguration;
			baseConfigurationReference = EECFAFF28A76061A1F919FE3 /* Pods-DiaryDemo.release.xcconfig */;
			buildSettings = {
				ASSETCATALOG_COMPILER_APPICON_NAME = AppIcon;
				CODE_SIGN_STYLE = Automatic;
				DEVELOPMENT_TEAM = 8TJ9GDFV36;
				GCC_PREFIX_HEADER = "/Users/pda-ios/Desktop/DiaryDemo/DiaryDemo/Other/PrefixHeader.pch";
				INFOPLIST_FILE = DiaryDemo/Info.plist;
				IPHONEOS_DEPLOYMENT_TARGET = 9.3;
				LD_RUNPATH_SEARCH_PATHS = (
					"$(inherited)",
					"@executable_path/Frameworks",
				);
				PRODUCT_BUNDLE_IDENTIFIER = HeiKki.DiaryDemo;
				PRODUCT_NAME = "$(TARGET_NAME)";
				TARGETED_DEVICE_FAMILY = "1,2";
			};
			name = Release;
		};
/* End XCBuildConfiguration section */

/* Begin XCConfigurationList section */
		F8C1373E227843C1004D29A4 /* Build configuration list for PBXProject "DiaryDemo" */ = {
			isa = XCConfigurationList;
			buildConfigurations = (
				F8C13757227843C3004D29A4 /* Debug */,
				F8C13758227843C3004D29A4 /* Release */,
			);
			defaultConfigurationIsVisible = 0;
			defaultConfigurationName = Release;
		};
		F8C13759227843C3004D29A4 /* Build configuration list for PBXNativeTarget "DiaryDemo" */ = {
			isa = XCConfigurationList;
			buildConfigurations = (
				F8C1375A227843C3004D29A4 /* Debug */,
				F8C1375B227843C3004D29A4 /* Release */,
			);
			defaultConfigurationIsVisible = 0;
			defaultConfigurationName = Release;
		};
/* End XCConfigurationList section */
	};
	rootObject = F8C1373B227843C1004D29A4 /* Project object */;
}
